
Microsoft Visual Studio Solution File, Format Version 12.00
# Visual Studio Version 17
VisualStudioVersion = 17.14.36511.14
MinimumVisualStudioVersion = 10.0.40219.1
Project("{2150E333-8FDC-42A3-9474-1A3956D46DE8}") = "Services", "Services", "{21D5AC03-189D-4529-81FF-31BF587022A4}"
EndProject
Project("{2150E333-8FDC-42A3-9474-1A3956D46DE8}") = "Shared", "Shared", "{C34CEC25-B495-4B22-AA58-07851D29FB63}"
EndProject
Project("{2150E333-8FDC-42A3-9474-1A3956D46DE8}") = "EventService", "EventService", "{685D0090-DD40-436D-95CA-9A4DA588017C}"
EndProject
Project("{2150E333-8FDC-42A3-9474-1A3956D46DE8}") = "src", "src", "{DF338C92-895F-4DCB-B30A-6E4D1FB2BE63}"
EndProject
Project("{FAE04EC0-301F-11D3-BF4B-00C04F79EFBC}") = "Shared.Common", "Shared\Shared.Common.csproj", "{F7891775-5404-C2F3-B5BE-C13D19FADF16}"
EndProject
Project("{2150E333-8FDC-42A3-9474-1A3956D46DE8}") = "tests", "tests", "{02EA681E-C7D8-13C7-8484-4AC65E1B71E8}"
EndProject
Project("{FAE04EC0-301F-11D3-BF4B-00C04F79EFBC}") = "Adapters.Primary.API", "Services\EventService\src\Adapters.Primary.API\Adapters.Primary.API.csproj", "{E992B568-8BBB-F046-3D78-88D6E7EBB0E1}"
EndProject
Project("{FAE04EC0-301F-11D3-BF4B-00C04F79EFBC}") = "Application", "Services\EventService\src\Application\Application.csproj", "{27440627-91DF-5633-3788-90C9F88B5C26}"
EndProject
Project("{FAE04EC0-301F-11D3-BF4B-00C04F79EFBC}") = "Domain", "Services\EventService\src\Domain\Domain.csproj", "{C24F183F-9C14-D30D-212B-EB5C4533E98C}"
EndProject
Project("{FAE04EC0-301F-11D3-BF4B-00C04F79EFBC}") = "Application.IntegrationTests", "Services\EventService\test\Application.IntegrationTests\Application.IntegrationTests.csproj", "{116B0CFC-70C5-6A62-0E38-45FD87DDEB04}"
EndProject
Project("{2150E333-8FDC-42A3-9474-1A3956D46DE8}") = "GuestService", "GuestService", "{A15ABCFB-933C-4863-9E1B-0F829ED5D3D8}"
EndProject
Project("{2150E333-8FDC-42A3-9474-1A3956D46DE8}") = "src", "src", "{34EC57EA-4E63-4507-97E0-A76C49B4B824}"
EndProject
Project("{2150E333-8FDC-42A3-9474-1A3956D46DE8}") = "tests", "tests", "{995A567F-5091-416E-B69F-B0F8F41CEABC}"
EndProject
Project("{FAE04EC0-301F-11D3-BF4B-00C04F79EFBC}") = "Adapters.Primary.API", "Services\GuestService\src\Adapters.Primary.API\Adapters.Primary.API.csproj", "{7BC53644-EF4E-4EAD-A338-42F504B717BA}"
EndProject
Project("{FAE04EC0-301F-11D3-BF4B-00C04F79EFBC}") = "Application", "Services\GuestService\src\Application\Application.csproj", "{7C8E1E04-E160-4A93-903E-61D3B592AB7C}"
EndProject
Project("{FAE04EC0-301F-11D3-BF4B-00C04F79EFBC}") = "Domain", "Services\GuestService\src\Domain\Domain.csproj", "{E189C688-6485-452F-8EBE-15E835374252}"
EndProject
Project("{E53339B2-1760-4266-BCC7-CA923CBCF16C}") = "docker-compose", "docker-compose.dcproj", "{81DDED9D-158B-E303-5F62-77A2896D2A5A}"
EndProject
Project("{FAE04EC0-301F-11D3-BF4B-00C04F79EFBC}") = "Adapters.Secondary", "Services\GuestService\src\Adapters.Secondary\Adapters.Secondary.csproj", "{AA600D6D-0FE7-1227-501C-1127E6DD10A8}"
EndProject
Project("{FAE04EC0-301F-11D3-BF4B-00C04F79EFBC}") = "Adapters.Secondary", "Services\EventService\src\Adapters.Secondary\Adapters.Secondary.csproj", "{440B7EF0-0E39-A174-216E-DE2BD92EF7E0}"
EndProject
Project("{FAE04EC0-301F-11D3-BF4B-00C04F79EFBC}") = "Application.IntegrationTests", "Services\GuestService\tests\Application.IntegrationTests\Application.IntegrationTests.csproj", "{BF47FDB8-148E-4B33-B798-CCB3248776A9}"
EndProject
Project("{2150E333-8FDC-42A3-9474-1A3956D46DE8}") = "NotificationService", "NotificationService", "{04E24732-E911-BA38-B7F0-71A2761EE4F8}"
EndProject
Project("{2150E333-8FDC-42A3-9474-1A3956D46DE8}") = "src", "src", "{012D77CD-1C7A-65CB-D961-F211BE29942E}"
EndProject
Project("{FAE04EC0-301F-11D3-BF4B-00C04F79EFBC}") = "Adapters.Primary.API", "Services\NotificationService\src\Adapters.Primary.API\Adapters.Primary.API.csproj", "{94681991-B6B1-4E9D-91F3-81AB2AD11757}"
EndProject
Project("{FAE04EC0-301F-11D3-BF4B-00C04F79EFBC}") = "Adapters.Secondary", "Services\NotificationService\src\Adapters.Secondary\Adapters.Secondary.csproj", "{B67C1510-26C8-4E3F-ADD0-162474610792}"
EndProject
Project("{FAE04EC0-301F-11D3-BF4B-00C04F79EFBC}") = "Application", "Services\NotificationService\src\Application\Application.csproj", "{7B4A0CD0-B6F7-4B4D-A298-192DA3D7FF99}"
EndProject
Project("{FAE04EC0-301F-11D3-BF4B-00C04F79EFBC}") = "Domain", "Services\NotificationService\src\Domain\Domain.csproj", "{44AC1C2D-5EE9-4E8D-B0D0-390E8FAC03CC}"
EndProject
Project("{2150E333-8FDC-42A3-9474-1A3956D46DE8}") = "tests", "tests", "{8C1EF520-7D00-F68D-1C6B-A93571CE53E8}"
EndProject
Project("{FAE04EC0-301F-11D3-BF4B-00C04F79EFBC}") = "Application.IntegrationTests", "Services\NotificationService\tests\Application.IntegrationTests\Application.IntegrationTests.csproj", "{F0B38EAD-4065-4E68-9AC6-89CA53AA1450}"
EndProject
Project("{2150E333-8FDC-42A3-9474-1A3956D46DE8}") = "ApiGateway", "ApiGateway", "{ACFE4460-C163-D83F-14D0-4FDD74953D49}"
EndProject
Project("{FAE04EC0-301F-11D3-BF4B-00C04F79EFBC}") = "ApiGateway", "Services\ApiGateway\ApiGateway.csproj", "{BF3D4BAE-377A-452F-92C9-A8A5442AA2A9}"
EndProject
Global
	GlobalSection(SolutionConfigurationPlatforms) = preSolution
		Debug|Any CPU = Debug|Any CPU
		Debug|x64 = Debug|x64
		Debug|x86 = Debug|x86
		Release|Any CPU = Release|Any CPU
		Release|x64 = Release|x64
		Release|x86 = Release|x86
	EndGlobalSection
	GlobalSection(ProjectConfigurationPlatforms) = postSolution
		{F7891775-5404-C2F3-B5BE-C13D19FADF16}.Debug|Any CPU.ActiveCfg = Debug|Any CPU
		{F7891775-5404-C2F3-B5BE-C13D19FADF16}.Debug|Any CPU.Build.0 = Debug|Any CPU
		{F7891775-5404-C2F3-B5BE-C13D19FADF16}.Debug|x64.ActiveCfg = Debug|Any CPU
		{F7891775-5404-C2F3-B5BE-C13D19FADF16}.Debug|x64.Build.0 = Debug|Any CPU
		{F7891775-5404-C2F3-B5BE-C13D19FADF16}.Debug|x86.ActiveCfg = Debug|Any CPU
		{F7891775-5404-C2F3-B5BE-C13D19FADF16}.Debug|x86.Build.0 = Debug|Any CPU
		{F7891775-5404-C2F3-B5BE-C13D19FADF16}.Release|Any CPU.ActiveCfg = Release|Any CPU
		{F7891775-5404-C2F3-B5BE-C13D19FADF16}.Release|Any CPU.Build.0 = Release|Any CPU
		{F7891775-5404-C2F3-B5BE-C13D19FADF16}.Release|x64.ActiveCfg = Release|Any CPU
		{F7891775-5404-C2F3-B5BE-C13D19FADF16}.Release|x64.Build.0 = Release|Any CPU
		{F7891775-5404-C2F3-B5BE-C13D19FADF16}.Release|x86.ActiveCfg = Release|Any CPU
		{F7891775-5404-C2F3-B5BE-C13D19FADF16}.Release|x86.Build.0 = Release|Any CPU
		{E992B568-8BBB-F046-3D78-88D6E7EBB0E1}.Debug|Any CPU.ActiveCfg = Debug|Any CPU
		{E992B568-8BBB-F046-3D78-88D6E7EBB0E1}.Debug|Any CPU.Build.0 = Debug|Any CPU
		{E992B568-8BBB-F046-3D78-88D6E7EBB0E1}.Debug|x64.ActiveCfg = Debug|Any CPU
		{E992B568-8BBB-F046-3D78-88D6E7EBB0E1}.Debug|x64.Build.0 = Debug|Any CPU
		{E992B568-8BBB-F046-3D78-88D6E7EBB0E1}.Debug|x86.ActiveCfg = Debug|Any CPU
		{E992B568-8BBB-F046-3D78-88D6E7EBB0E1}.Debug|x86.Build.0 = Debug|Any CPU
		{E992B568-8BBB-F046-3D78-88D6E7EBB0E1}.Release|Any CPU.ActiveCfg = Release|Any CPU
		{E992B568-8BBB-F046-3D78-88D6E7EBB0E1}.Release|Any CPU.Build.0 = Release|Any CPU
		{E992B568-8BBB-F046-3D78-88D6E7EBB0E1}.Release|x64.ActiveCfg = Release|Any CPU
		{E992B568-8BBB-F046-3D78-88D6E7EBB0E1}.Release|x64.Build.0 = Release|Any CPU
		{E992B568-8BBB-F046-3D78-88D6E7EBB0E1}.Release|x86.ActiveCfg = Release|Any CPU
		{E992B568-8BBB-F046-3D78-88D6E7EBB0E1}.Release|x86.Build.0 = Release|Any CPU
		{27440627-91DF-5633-3788-90C9F88B5C26}.Debug|Any CPU.ActiveCfg = Debug|Any CPU
		{27440627-91DF-5633-3788-90C9F88B5C26}.Debug|Any CPU.Build.0 = Debug|Any CPU
		{27440627-91DF-5633-3788-90C9F88B5C26}.Debug|x64.ActiveCfg = Debug|Any CPU
		{27440627-91DF-5633-3788-90C9F88B5C26}.Debug|x64.Build.0 = Debug|Any CPU
		{27440627-91DF-5633-3788-90C9F88B5C26}.Debug|x86.ActiveCfg = Debug|Any CPU
		{27440627-91DF-5633-3788-90C9F88B5C26}.Debug|x86.Build.0 = Debug|Any CPU
		{27440627-91DF-5633-3788-90C9F88B5C26}.Release|Any CPU.ActiveCfg = Release|Any CPU
		{27440627-91DF-5633-3788-90C9F88B5C26}.Release|Any CPU.Build.0 = Release|Any CPU
		{27440627-91DF-5633-3788-90C9F88B5C26}.Release|x64.ActiveCfg = Release|Any CPU
		{27440627-91DF-5633-3788-90C9F88B5C26}.Release|x64.Build.0 = Release|Any CPU
		{27440627-91DF-5633-3788-90C9F88B5C26}.Release|x86.ActiveCfg = Release|Any CPU
		{27440627-91DF-5633-3788-90C9F88B5C26}.Release|x86.Build.0 = Release|Any CPU
		{C24F183F-9C14-D30D-212B-EB5C4533E98C}.Debug|Any CPU.ActiveCfg = Debug|Any CPU
		{C24F183F-9C14-D30D-212B-EB5C4533E98C}.Debug|Any CPU.Build.0 = Debug|Any CPU
		{C24F183F-9C14-D30D-212B-EB5C4533E98C}.Debug|x64.ActiveCfg = Debug|Any CPU
		{C24F183F-9C14-D30D-212B-EB5C4533E98C}.Debug|x64.Build.0 = Debug|Any CPU
		{C24F183F-9C14-D30D-212B-EB5C4533E98C}.Debug|x86.ActiveCfg = Debug|Any CPU
		{C24F183F-9C14-D30D-212B-EB5C4533E98C}.Debug|x86.Build.0 = Debug|Any CPU
		{C24F183F-9C14-D30D-212B-EB5C4533E98C}.Release|Any CPU.ActiveCfg = Release|Any CPU
		{C24F183F-9C14-D30D-212B-EB5C4533E98C}.Release|Any CPU.Build.0 = Release|Any CPU
		{C24F183F-9C14-D30D-212B-EB5C4533E98C}.Release|x64.ActiveCfg = Release|Any CPU
		{C24F183F-9C14-D30D-212B-EB5C4533E98C}.Release|x64.Build.0 = Release|Any CPU
		{C24F183F-9C14-D30D-212B-EB5C4533E98C}.Release|x86.ActiveCfg = Release|Any CPU
		{C24F183F-9C14-D30D-212B-EB5C4533E98C}.Release|x86.Build.0 = Release|Any CPU
		{116B0CFC-70C5-6A62-0E38-45FD87DDEB04}.Debug|Any CPU.ActiveCfg = Debug|Any CPU
		{116B0CFC-70C5-6A62-0E38-45FD87DDEB04}.Debug|Any CPU.Build.0 = Debug|Any CPU
		{116B0CFC-70C5-6A62-0E38-45FD87DDEB04}.Debug|x64.ActiveCfg = Debug|Any CPU
		{116B0CFC-70C5-6A62-0E38-45FD87DDEB04}.Debug|x64.Build.0 = Debug|Any CPU
		{116B0CFC-70C5-6A62-0E38-45FD87DDEB04}.Debug|x86.ActiveCfg = Debug|Any CPU
		{116B0CFC-70C5-6A62-0E38-45FD87DDEB04}.Debug|x86.Build.0 = Debug|Any CPU
		{116B0CFC-70C5-6A62-0E38-45FD87DDEB04}.Release|Any CPU.ActiveCfg = Release|Any CPU
		{116B0CFC-70C5-6A62-0E38-45FD87DDEB04}.Release|Any CPU.Build.0 = Release|Any CPU
		{116B0CFC-70C5-6A62-0E38-45FD87DDEB04}.Release|x64.ActiveCfg = Release|Any CPU
		{116B0CFC-70C5-6A62-0E38-45FD87DDEB04}.Release|x64.Build.0 = Release|Any CPU
		{116B0CFC-70C5-6A62-0E38-45FD87DDEB04}.Release|x86.ActiveCfg = Release|Any CPU
		{116B0CFC-70C5-6A62-0E38-45FD87DDEB04}.Release|x86.Build.0 = Release|Any CPU
		{7BC53644-EF4E-4EAD-A338-42F504B717BA}.Debug|Any CPU.ActiveCfg = Debug|Any CPU
		{7BC53644-EF4E-4EAD-A338-42F504B717BA}.Debug|Any CPU.Build.0 = Debug|Any CPU
		{7BC53644-EF4E-4EAD-A338-42F504B717BA}.Debug|x64.ActiveCfg = Debug|Any CPU
		{7BC53644-EF4E-4EAD-A338-42F504B717BA}.Debug|x64.Build.0 = Debug|Any CPU
		{7BC53644-EF4E-4EAD-A338-42F504B717BA}.Debug|x86.ActiveCfg = Debug|Any CPU
		{7BC53644-EF4E-4EAD-A338-42F504B717BA}.Debug|x86.Build.0 = Debug|Any CPU
		{7BC53644-EF4E-4EAD-A338-42F504B717BA}.Release|Any CPU.ActiveCfg = Release|Any CPU
		{7BC53644-EF4E-4EAD-A338-42F504B717BA}.Release|Any CPU.Build.0 = Release|Any CPU
		{7BC53644-EF4E-4EAD-A338-42F504B717BA}.Release|x64.ActiveCfg = Release|Any CPU
		{7BC53644-EF4E-4EAD-A338-42F504B717BA}.Release|x64.Build.0 = Release|Any CPU
		{7BC53644-EF4E-4EAD-A338-42F504B717BA}.Release|x86.ActiveCfg = Release|Any CPU
		{7BC53644-EF4E-4EAD-A338-42F504B717BA}.Release|x86.Build.0 = Release|Any CPU
		{7C8E1E04-E160-4A93-903E-61D3B592AB7C}.Debug|Any CPU.ActiveCfg = Debug|Any CPU
		{7C8E1E04-E160-4A93-903E-61D3B592AB7C}.Debug|Any CPU.Build.0 = Debug|Any CPU
		{7C8E1E04-E160-4A93-903E-61D3B592AB7C}.Debug|x64.ActiveCfg = Debug|Any CPU
		{7C8E1E04-E160-4A93-903E-61D3B592AB7C}.Debug|x64.Build.0 = Debug|Any CPU
		{7C8E1E04-E160-4A93-903E-61D3B592AB7C}.Debug|x86.ActiveCfg = Debug|Any CPU
		{7C8E1E04-E160-4A93-903E-61D3B592AB7C}.Debug|x86.Build.0 = Debug|Any CPU
		{7C8E1E04-E160-4A93-903E-61D3B592AB7C}.Release|Any CPU.ActiveCfg = Release|Any CPU
		{7C8E1E04-E160-4A93-903E-61D3B592AB7C}.Release|Any CPU.Build.0 = Release|Any CPU
		{7C8E1E04-E160-4A93-903E-61D3B592AB7C}.Release|x64.ActiveCfg = Release|Any CPU
		{7C8E1E04-E160-4A93-903E-61D3B592AB7C}.Release|x64.Build.0 = Release|Any CPU
		{7C8E1E04-E160-4A93-903E-61D3B592AB7C}.Release|x86.ActiveCfg = Release|Any CPU
		{7C8E1E04-E160-4A93-903E-61D3B592AB7C}.Release|x86.Build.0 = Release|Any CPU
		{E189C688-6485-452F-8EBE-15E835374252}.Debug|Any CPU.ActiveCfg = Debug|Any CPU
		{E189C688-6485-452F-8EBE-15E835374252}.Debug|Any CPU.Build.0 = Debug|Any CPU
		{E189C688-6485-452F-8EBE-15E835374252}.Debug|x64.ActiveCfg = Debug|Any CPU
		{E189C688-6485-452F-8EBE-15E835374252}.Debug|x64.Build.0 = Debug|Any CPU
		{E189C688-6485-452F-8EBE-15E835374252}.Debug|x86.ActiveCfg = Debug|Any CPU
		{E189C688-6485-452F-8EBE-15E835374252}.Debug|x86.Build.0 = Debug|Any CPU
		{E189C688-6485-452F-8EBE-15E835374252}.Release|Any CPU.ActiveCfg = Release|Any CPU
		{E189C688-6485-452F-8EBE-15E835374252}.Release|Any CPU.Build.0 = Release|Any CPU
		{E189C688-6485-452F-8EBE-15E835374252}.Release|x64.ActiveCfg = Release|Any CPU
		{E189C688-6485-452F-8EBE-15E835374252}.Release|x64.Build.0 = Release|Any CPU
		{E189C688-6485-452F-8EBE-15E835374252}.Release|x86.ActiveCfg = Release|Any CPU
		{E189C688-6485-452F-8EBE-15E835374252}.Release|x86.Build.0 = Release|Any CPU
		{81DDED9D-158B-E303-5F62-77A2896D2A5A}.Debug|Any CPU.ActiveCfg = Debug|Any CPU
		{81DDED9D-158B-E303-5F62-77A2896D2A5A}.Debug|Any CPU.Build.0 = Debug|Any CPU
		{81DDED9D-158B-E303-5F62-77A2896D2A5A}.Debug|x64.ActiveCfg = Debug|x64
		{81DDED9D-158B-E303-5F62-77A2896D2A5A}.Debug|x86.ActiveCfg = Debug|x86
		{81DDED9D-158B-E303-5F62-77A2896D2A5A}.Release|Any CPU.ActiveCfg = Release|Any CPU
		{81DDED9D-158B-E303-5F62-77A2896D2A5A}.Release|Any CPU.Build.0 = Release|Any CPU
		{81DDED9D-158B-E303-5F62-77A2896D2A5A}.Release|x64.ActiveCfg = Release|x64
		{81DDED9D-158B-E303-5F62-77A2896D2A5A}.Release|x86.ActiveCfg = Release|x86
		{AA600D6D-0FE7-1227-501C-1127E6DD10A8}.Debug|Any CPU.ActiveCfg = Debug|Any CPU
		{AA600D6D-0FE7-1227-501C-1127E6DD10A8}.Debug|Any CPU.Build.0 = Debug|Any CPU
		{AA600D6D-0FE7-1227-501C-1127E6DD10A8}.Debug|x64.ActiveCfg = Debug|Any CPU
		{AA600D6D-0FE7-1227-501C-1127E6DD10A8}.Debug|x64.Build.0 = Debug|Any CPU
		{AA600D6D-0FE7-1227-501C-1127E6DD10A8}.Debug|x86.ActiveCfg = Debug|Any CPU
		{AA600D6D-0FE7-1227-501C-1127E6DD10A8}.Debug|x86.Build.0 = Debug|Any CPU
		{AA600D6D-0FE7-1227-501C-1127E6DD10A8}.Release|Any CPU.ActiveCfg = Release|Any CPU
		{AA600D6D-0FE7-1227-501C-1127E6DD10A8}.Release|Any CPU.Build.0 = Release|Any CPU
		{AA600D6D-0FE7-1227-501C-1127E6DD10A8}.Release|x64.ActiveCfg = Release|Any CPU
		{AA600D6D-0FE7-1227-501C-1127E6DD10A8}.Release|x64.Build.0 = Release|Any CPU
		{AA600D6D-0FE7-1227-501C-1127E6DD10A8}.Release|x86.ActiveCfg = Release|Any CPU
		{AA600D6D-0FE7-1227-501C-1127E6DD10A8}.Release|x86.Build.0 = Release|Any CPU
		{440B7EF0-0E39-A174-216E-DE2BD92EF7E0}.Debug|Any CPU.ActiveCfg = Debug|Any CPU
		{440B7EF0-0E39-A174-216E-DE2BD92EF7E0}.Debug|Any CPU.Build.0 = Debug|Any CPU
		{440B7EF0-0E39-A174-216E-DE2BD92EF7E0}.Debug|x64.ActiveCfg = Debug|Any CPU
		{440B7EF0-0E39-A174-216E-DE2BD92EF7E0}.Debug|x64.Build.0 = Debug|Any CPU
		{440B7EF0-0E39-A174-216E-DE2BD92EF7E0}.Debug|x86.ActiveCfg = Debug|Any CPU
		{440B7EF0-0E39-A174-216E-DE2BD92EF7E0}.Debug|x86.Build.0 = Debug|Any CPU
		{440B7EF0-0E39-A174-216E-DE2BD92EF7E0}.Release|Any CPU.ActiveCfg = Release|Any CPU
		{440B7EF0-0E39-A174-216E-DE2BD92EF7E0}.Release|Any CPU.Build.0 = Release|Any CPU
		{440B7EF0-0E39-A174-216E-DE2BD92EF7E0}.Release|x64.ActiveCfg = Release|Any CPU
		{440B7EF0-0E39-A174-216E-DE2BD92EF7E0}.Release|x64.Build.0 = Release|Any CPU
		{440B7EF0-0E39-A174-216E-DE2BD92EF7E0}.Release|x86.ActiveCfg = Release|Any CPU
		{440B7EF0-0E39-A174-216E-DE2BD92EF7E0}.Release|x86.Build.0 = Release|Any CPU
		{BF47FDB8-148E-4B33-B798-CCB3248776A9}.Debug|Any CPU.ActiveCfg = Debug|Any CPU
		{BF47FDB8-148E-4B33-B798-CCB3248776A9}.Debug|Any CPU.Build.0 = Debug|Any CPU
		{BF47FDB8-148E-4B33-B798-CCB3248776A9}.Debug|x64.ActiveCfg = Debug|Any CPU
		{BF47FDB8-148E-4B33-B798-CCB3248776A9}.Debug|x64.Build.0 = Debug|Any CPU
		{BF47FDB8-148E-4B33-B798-CCB3248776A9}.Debug|x86.ActiveCfg = Debug|Any CPU
		{BF47FDB8-148E-4B33-B798-CCB3248776A9}.Debug|x86.Build.0 = Debug|Any CPU
		{BF47FDB8-148E-4B33-B798-CCB3248776A9}.Release|Any CPU.ActiveCfg = Release|Any CPU
		{BF47FDB8-148E-4B33-B798-CCB3248776A9}.Release|Any CPU.Build.0 = Release|Any CPU
		{BF47FDB8-148E-4B33-B798-CCB3248776A9}.Release|x64.ActiveCfg = Release|Any CPU
		{BF47FDB8-148E-4B33-B798-CCB3248776A9}.Release|x64.Build.0 = Release|Any CPU
		{BF47FDB8-148E-4B33-B798-CCB3248776A9}.Release|x86.ActiveCfg = Release|Any CPU
		{BF47FDB8-148E-4B33-B798-CCB3248776A9}.Release|x86.Build.0 = Release|Any CPU
		{94681991-B6B1-4E9D-91F3-81AB2AD11757}.Debug|Any CPU.ActiveCfg = Debug|Any CPU
		{94681991-B6B1-4E9D-91F3-81AB2AD11757}.Debug|Any CPU.Build.0 = Debug|Any CPU
		{94681991-B6B1-4E9D-91F3-81AB2AD11757}.Debug|x64.ActiveCfg = Debug|Any CPU
		{94681991-B6B1-4E9D-91F3-81AB2AD11757}.Debug|x64.Build.0 = Debug|Any CPU
		{94681991-B6B1-4E9D-91F3-81AB2AD11757}.Debug|x86.ActiveCfg = Debug|Any CPU
		{94681991-B6B1-4E9D-91F3-81AB2AD11757}.Debug|x86.Build.0 = Debug|Any CPU
		{94681991-B6B1-4E9D-91F3-81AB2AD11757}.Release|Any CPU.ActiveCfg = Release|Any CPU
		{94681991-B6B1-4E9D-91F3-81AB2AD11757}.Release|Any CPU.Build.0 = Release|Any CPU
		{94681991-B6B1-4E9D-91F3-81AB2AD11757}.Release|x64.ActiveCfg = Release|Any CPU
		{94681991-B6B1-4E9D-91F3-81AB2AD11757}.Release|x64.Build.0 = Release|Any CPU
		{94681991-B6B1-4E9D-91F3-81AB2AD11757}.Release|x86.ActiveCfg = Release|Any CPU
		{94681991-B6B1-4E9D-91F3-81AB2AD11757}.Release|x86.Build.0 = Release|Any CPU
		{B67C1510-26C8-4E3F-ADD0-162474610792}.Debug|Any CPU.ActiveCfg = Debug|Any CPU
		{B67C1510-26C8-4E3F-ADD0-162474610792}.Debug|Any CPU.Build.0 = Debug|Any CPU
		{B67C1510-26C8-4E3F-ADD0-162474610792}.Debug|x64.ActiveCfg = Debug|Any CPU
		{B67C1510-26C8-4E3F-ADD0-162474610792}.Debug|x64.Build.0 = Debug|Any CPU
		{B67C1510-26C8-4E3F-ADD0-162474610792}.Debug|x86.ActiveCfg = Debug|Any CPU
		{B67C1510-26C8-4E3F-ADD0-162474610792}.Debug|x86.Build.0 = Debug|Any CPU
		{B67C1510-26C8-4E3F-ADD0-162474610792}.Release|Any CPU.ActiveCfg = Release|Any CPU
		{B67C1510-26C8-4E3F-ADD0-162474610792}.Release|Any CPU.Build.0 = Release|Any CPU
		{B67C1510-26C8-4E3F-ADD0-162474610792}.Release|x64.ActiveCfg = Release|Any CPU
		{B67C1510-26C8-4E3F-ADD0-162474610792}.Release|x64.Build.0 = Release|Any CPU
		{B67C1510-26C8-4E3F-ADD0-162474610792}.Release|x86.ActiveCfg = Release|Any CPU
		{B67C1510-26C8-4E3F-ADD0-162474610792}.Release|x86.Build.0 = Release|Any CPU
		{7B4A0CD0-B6F7-4B4D-A298-192DA3D7FF99}.Debug|Any CPU.ActiveCfg = Debug|Any CPU
		{7B4A0CD0-B6F7-4B4D-A298-192DA3D7FF99}.Debug|Any CPU.Build.0 = Debug|Any CPU
		{7B4A0CD0-B6F7-4B4D-A298-192DA3D7FF99}.Debug|x64.ActiveCfg = Debug|Any CPU
		{7B4A0CD0-B6F7-4B4D-A298-192DA3D7FF99}.Debug|x64.Build.0 = Debug|Any CPU
		{7B4A0CD0-B6F7-4B4D-A298-192DA3D7FF99}.Debug|x86.ActiveCfg = Debug|Any CPU
		{7B4A0CD0-B6F7-4B4D-A298-192DA3D7FF99}.Debug|x86.Build.0 = Debug|Any CPU
		{7B4A0CD0-B6F7-4B4D-A298-192DA3D7FF99}.Release|Any CPU.ActiveCfg = Release|Any CPU
		{7B4A0CD0-B6F7-4B4D-A298-192DA3D7FF99}.Release|Any CPU.Build.0 = Release|Any CPU
		{7B4A0CD0-B6F7-4B4D-A298-192DA3D7FF99}.Release|x64.ActiveCfg = Release|Any CPU
		{7B4A0CD0-B6F7-4B4D-A298-192DA3D7FF99}.Release|x64.Build.0 = Release|Any CPU
		{7B4A0CD0-B6F7-4B4D-A298-192DA3D7FF99}.Release|x86.ActiveCfg = Release|Any CPU
		{7B4A0CD0-B6F7-4B4D-A298-192DA3D7FF99}.Release|x86.Build.0 = Release|Any CPU
		{44AC1C2D-5EE9-4E8D-B0D0-390E8FAC03CC}.Debug|Any CPU.ActiveCfg = Debug|Any CPU
		{44AC1C2D-5EE9-4E8D-B0D0-390E8FAC03CC}.Debug|Any CPU.Build.0 = Debug|Any CPU
		{44AC1C2D-5EE9-4E8D-B0D0-390E8FAC03CC}.Debug|x64.ActiveCfg = Debug|Any CPU
		{44AC1C2D-5EE9-4E8D-B0D0-390E8FAC03CC}.Debug|x64.Build.0 = Debug|Any CPU
		{44AC1C2D-5EE9-4E8D-B0D0-390E8FAC03CC}.Debug|x86.ActiveCfg = Debug|Any CPU
		{44AC1C2D-5EE9-4E8D-B0D0-390E8FAC03CC}.Debug|x86.Build.0 = Debug|Any CPU
		{44AC1C2D-5EE9-4E8D-B0D0-390E8FAC03CC}.Release|Any CPU.ActiveCfg = Release|Any CPU
		{44AC1C2D-5EE9-4E8D-B0D0-390E8FAC03CC}.Release|Any CPU.Build.0 = Release|Any CPU
		{44AC1C2D-5EE9-4E8D-B0D0-390E8FAC03CC}.Release|x64.ActiveCfg = Release|Any CPU
		{44AC1C2D-5EE9-4E8D-B0D0-390E8FAC03CC}.Release|x64.Build.0 = Release|Any CPU
		{44AC1C2D-5EE9-4E8D-B0D0-390E8FAC03CC}.Release|x86.ActiveCfg = Release|Any CPU
		{44AC1C2D-5EE9-4E8D-B0D0-390E8FAC03CC}.Release|x86.Build.0 = Release|Any CPU
		{F0B38EAD-4065-4E68-9AC6-89CA53AA1450}.Debug|Any CPU.ActiveCfg = Debug|Any CPU
		{F0B38EAD-4065-4E68-9AC6-89CA53AA1450}.Debug|Any CPU.Build.0 = Debug|Any CPU
		{F0B38EAD-4065-4E68-9AC6-89CA53AA1450}.Debug|x64.ActiveCfg = Debug|Any CPU
		{F0B38EAD-4065-4E68-9AC6-89CA53AA1450}.Debug|x64.Build.0 = Debug|Any CPU
		{F0B38EAD-4065-4E68-9AC6-89CA53AA1450}.Debug|x86.ActiveCfg = Debug|Any CPU
		{F0B38EAD-4065-4E68-9AC6-89CA53AA1450}.Debug|x86.Build.0 = Debug|Any CPU
		{F0B38EAD-4065-4E68-9AC6-89CA53AA1450}.Release|Any CPU.ActiveCfg = Release|Any CPU
		{F0B38EAD-4065-4E68-9AC6-89CA53AA1450}.Release|Any CPU.Build.0 = Release|Any CPU
		{F0B38EAD-4065-4E68-9AC6-89CA53AA1450}.Release|x64.ActiveCfg = Release|Any CPU
		{F0B38EAD-4065-4E68-9AC6-89CA53AA1450}.Release|x64.Build.0 = Release|Any CPU
		{F0B38EAD-4065-4E68-9AC6-89CA53AA1450}.Release|x86.ActiveCfg = Release|Any CPU
		{F0B38EAD-4065-4E68-9AC6-89CA53AA1450}.Release|x86.Build.0 = Release|Any CPU
		{BF3D4BAE-377A-452F-92C9-A8A5442AA2A9}.Debug|Any CPU.ActiveCfg = Debug|Any CPU
		{BF3D4BAE-377A-452F-92C9-A8A5442AA2A9}.Debug|Any CPU.Build.0 = Debug|Any CPU
		{BF3D4BAE-377A-452F-92C9-A8A5442AA2A9}.Debug|x64.ActiveCfg = Debug|Any CPU
		{BF3D4BAE-377A-452F-92C9-A8A5442AA2A9}.Debug|x64.Build.0 = Debug|Any CPU
		{BF3D4BAE-377A-452F-92C9-A8A5442AA2A9}.Debug|x86.ActiveCfg = Debug|Any CPU
		{BF3D4BAE-377A-452F-92C9-A8A5442AA2A9}.Debug|x86.Build.0 = Debug|Any CPU
		{BF3D4BAE-377A-452F-92C9-A8A5442AA2A9}.Release|Any CPU.ActiveCfg = Release|Any CPU
		{BF3D4BAE-377A-452F-92C9-A8A5442AA2A9}.Release|Any CPU.Build.0 = Release|Any CPU
		{BF3D4BAE-377A-452F-92C9-A8A5442AA2A9}.Release|x64.ActiveCfg = Release|Any CPU
		{BF3D4BAE-377A-452F-92C9-A8A5442AA2A9}.Release|x64.Build.0 = Release|Any CPU
		{BF3D4BAE-377A-452F-92C9-A8A5442AA2A9}.Release|x86.ActiveCfg = Release|Any CPU
		{BF3D4BAE-377A-452F-92C9-A8A5442AA2A9}.Release|x86.Build.0 = Release|Any CPU
	EndGlobalSection
	GlobalSection(SolutionProperties) = preSolution
		HideSolutionNode = FALSE
	EndGlobalSection
	GlobalSection(NestedProjects) = preSolution
		{685D0090-DD40-436D-95CA-9A4DA588017C} = {21D5AC03-189D-4529-81FF-31BF587022A4}
		{DF338C92-895F-4DCB-B30A-6E4D1FB2BE63} = {685D0090-DD40-436D-95CA-9A4DA588017C}
		{F7891775-5404-C2F3-B5BE-C13D19FADF16} = {C34CEC25-B495-4B22-AA58-07851D29FB63}
		{02EA681E-C7D8-13C7-8484-4AC65E1B71E8} = {685D0090-DD40-436D-95CA-9A4DA588017C}
		{E992B568-8BBB-F046-3D78-88D6E7EBB0E1} = {DF338C92-895F-4DCB-B30A-6E4D1FB2BE63}
		{27440627-91DF-5633-3788-90C9F88B5C26} = {DF338C92-895F-4DCB-B30A-6E4D1FB2BE63}
		{C24F183F-9C14-D30D-212B-EB5C4533E98C} = {DF338C92-895F-4DCB-B30A-6E4D1FB2BE63}
		{116B0CFC-70C5-6A62-0E38-45FD87DDEB04} = {02EA681E-C7D8-13C7-8484-4AC65E1B71E8}
		{A15ABCFB-933C-4863-9E1B-0F829ED5D3D8} = {21D5AC03-189D-4529-81FF-31BF587022A4}
		{34EC57EA-4E63-4507-97E0-A76C49B4B824} = {A15ABCFB-933C-4863-9E1B-0F829ED5D3D8}
		{995A567F-5091-416E-B69F-B0F8F41CEABC} = {A15ABCFB-933C-4863-9E1B-0F829ED5D3D8}
		{7BC53644-EF4E-4EAD-A338-42F504B717BA} = {34EC57EA-4E63-4507-97E0-A76C49B4B824}
		{7C8E1E04-E160-4A93-903E-61D3B592AB7C} = {34EC57EA-4E63-4507-97E0-A76C49B4B824}
		{E189C688-6485-452F-8EBE-15E835374252} = {34EC57EA-4E63-4507-97E0-A76C49B4B824}
		{81DDED9D-158B-E303-5F62-77A2896D2A5A} = {21D5AC03-189D-4529-81FF-31BF587022A4}
		{AA600D6D-0FE7-1227-501C-1127E6DD10A8} = {34EC57EA-4E63-4507-97E0-A76C49B4B824}
		{440B7EF0-0E39-A174-216E-DE2BD92EF7E0} = {DF338C92-895F-4DCB-B30A-6E4D1FB2BE63}
		{BF47FDB8-148E-4B33-B798-CCB3248776A9} = {995A567F-5091-416E-B69F-B0F8F41CEABC}
		{04E24732-E911-BA38-B7F0-71A2761EE4F8} = {21D5AC03-189D-4529-81FF-31BF587022A4}
		{012D77CD-1C7A-65CB-D961-F211BE29942E} = {04E24732-E911-BA38-B7F0-71A2761EE4F8}
		{94681991-B6B1-4E9D-91F3-81AB2AD11757} = {012D77CD-1C7A-65CB-D961-F211BE29942E}
		{B67C1510-26C8-4E3F-ADD0-162474610792} = {012D77CD-1C7A-65CB-D961-F211BE29942E}
		{7B4A0CD0-B6F7-4B4D-A298-192DA3D7FF99} = {012D77CD-1C7A-65CB-D961-F211BE29942E}
		{44AC1C2D-5EE9-4E8D-B0D0-390E8FAC03CC} = {012D77CD-1C7A-65CB-D961-F211BE29942E}
		{8C1EF520-7D00-F68D-1C6B-A93571CE53E8} = {04E24732-E911-BA38-B7F0-71A2761EE4F8}
		{F0B38EAD-4065-4E68-9AC6-89CA53AA1450} = {8C1EF520-7D00-F68D-1C6B-A93571CE53E8}
		{ACFE4460-C163-D83F-14D0-4FDD74953D49} = {21D5AC03-189D-4529-81FF-31BF587022A4}
		{BF3D4BAE-377A-452F-92C9-A8A5442AA2A9} = {ACFE4460-C163-D83F-14D0-4FDD74953D49}
	EndGlobalSection
	GlobalSection(ExtensibilityGlobals) = postSolution
		SolutionGuid = {51F3C25B-512E-48D9-9B5E-489F2F7910A3}
	EndGlobalSection
EndGlobal
