
Microsoft Visual Studio Solution File, Format Version 12.00
# Visual Studio Version 17
VisualStudioVersion = 17.11.35327.3
MinimumVisualStudioVersion = 10.0.40219.1
Project("{2150E333-8FDC-42A3-9474-1A3956D46DE8}") = "Services", "Services", "{21D5AC03-189D-4529-81FF-31BF587022A4}"
EndProject
Project("{2150E333-8FDC-42A3-9474-1A3956D46DE8}") = "Shared", "Shared", "{C34CEC25-B495-4B22-AA58-07851D29FB63}"
EndProject
Project("{9A19103F-16F7-4668-BE54-9A1E7A4F7556}") = "Core.Data", "Core.Data\Core.Data.csproj", "{A1BF4305-DD04-4C0C-AEE8-5364CD817F9D}"
EndProject
Project("{2150E333-8FDC-42A3-9474-1A3956D46DE8}") = "EventService", "EventService", "{685D0090-DD40-436D-95CA-9A4DA588017C}"
EndProject
Project("{2150E333-8FDC-42A3-9474-1A3956D46DE8}") = "src", "src", "{DF338C92-895F-4DCB-B30A-6E4D1FB2BE63}"
EndProject
Project("{2150E333-8FDC-42A3-9474-1A3956D46DE8}") = "tests", "tests", "{6831F11B-78D9-4F4C-8065-BBF43CC25ED9}"
EndProject
Project("{2150E333-8FDC-42A3-9474-1A3956D46DE8}") = "Core", "Core", "{CDE6B8AB-EB4F-434C-9431-2C055BCC015A}"
EndProject
Project("{2150E333-8FDC-42A3-9474-1A3956D46DE8}") = "Adapters", "Adapters", "{E4993B1D-1138-4E52-AD30-0E5B6221BC62}"
EndProject
Project("{2150E333-8FDC-42A3-9474-1A3956D46DE8}") = "Primary", "Primary", "{71975463-EBB0-42F4-A54D-0C3837BE5B5B}"
EndProject
Project("{2150E333-8FDC-42A3-9474-1A3956D46DE8}") = "Secondary", "Secondary", "{8CCB7049-3A89-4040-A0CB-691DBBE48170}"
EndProject
Project("{9A19103F-16F7-4668-BE54-9A1E7A4F7556}") = "API", "API\API.csproj", "{D742D9D5-D88F-4F9A-9420-F4DF3E7080C0}"
EndProject
Project("{9A19103F-16F7-4668-BE54-9A1E7A4F7556}") = "Infra.Data", "Infra.Data\Infra.Data.csproj", "{20628857-9D80-430C-BA39-DE48BE0F094A}"
EndProject
Project("{9A19103F-16F7-4668-BE54-9A1E7A4F7556}") = "Application", "Application\Application.csproj", "{51105920-4BC8-4DC2-A09A-39DD98CF7CEF}"
EndProject
Project("{9A19103F-16F7-4668-BE54-9A1E7A4F7556}") = "Domain", "Domain\Domain.csproj", "{A5801E2C-AC41-4C68-ABD3-19745B9B5791}"
EndProject
Global
	GlobalSection(SolutionConfigurationPlatforms) = preSolution
		Debug|Any CPU = Debug|Any CPU
		Release|Any CPU = Release|Any CPU
	EndGlobalSection
	GlobalSection(ProjectConfigurationPlatforms) = postSolution
		{A1BF4305-DD04-4C0C-AEE8-5364CD817F9D}.Debug|Any CPU.ActiveCfg = Debug|Any CPU
		{A1BF4305-DD04-4C0C-AEE8-5364CD817F9D}.Debug|Any CPU.Build.0 = Debug|Any CPU
		{A1BF4305-DD04-4C0C-AEE8-5364CD817F9D}.Release|Any CPU.ActiveCfg = Release|Any CPU
		{A1BF4305-DD04-4C0C-AEE8-5364CD817F9D}.Release|Any CPU.Build.0 = Release|Any CPU
		{D742D9D5-D88F-4F9A-9420-F4DF3E7080C0}.Debug|Any CPU.ActiveCfg = Debug|Any CPU
		{D742D9D5-D88F-4F9A-9420-F4DF3E7080C0}.Debug|Any CPU.Build.0 = Debug|Any CPU
		{D742D9D5-D88F-4F9A-9420-F4DF3E7080C0}.Release|Any CPU.ActiveCfg = Release|Any CPU
		{D742D9D5-D88F-4F9A-9420-F4DF3E7080C0}.Release|Any CPU.Build.0 = Release|Any CPU
		{20628857-9D80-430C-BA39-DE48BE0F094A}.Debug|Any CPU.ActiveCfg = Debug|Any CPU
		{20628857-9D80-430C-BA39-DE48BE0F094A}.Debug|Any CPU.Build.0 = Debug|Any CPU
		{20628857-9D80-430C-BA39-DE48BE0F094A}.Release|Any CPU.ActiveCfg = Release|Any CPU
		{20628857-9D80-430C-BA39-DE48BE0F094A}.Release|Any CPU.Build.0 = Release|Any CPU
		{51105920-4BC8-4DC2-A09A-39DD98CF7CEF}.Debug|Any CPU.ActiveCfg = Debug|Any CPU
		{51105920-4BC8-4DC2-A09A-39DD98CF7CEF}.Debug|Any CPU.Build.0 = Debug|Any CPU
		{51105920-4BC8-4DC2-A09A-39DD98CF7CEF}.Release|Any CPU.ActiveCfg = Release|Any CPU
		{51105920-4BC8-4DC2-A09A-39DD98CF7CEF}.Release|Any CPU.Build.0 = Release|Any CPU
		{A5801E2C-AC41-4C68-ABD3-19745B9B5791}.Debug|Any CPU.ActiveCfg = Debug|Any CPU
		{A5801E2C-AC41-4C68-ABD3-19745B9B5791}.Debug|Any CPU.Build.0 = Debug|Any CPU
		{A5801E2C-AC41-4C68-ABD3-19745B9B5791}.Release|Any CPU.ActiveCfg = Release|Any CPU
		{A5801E2C-AC41-4C68-ABD3-19745B9B5791}.Release|Any CPU.Build.0 = Release|Any CPU
	EndGlobalSection
	GlobalSection(SolutionProperties) = preSolution
		HideSolutionNode = FALSE
	EndGlobalSection
	GlobalSection(NestedProjects) = preSolution
		{A1BF4305-DD04-4C0C-AEE8-5364CD817F9D} = {C34CEC25-B495-4B22-AA58-07851D29FB63}
		{685D0090-DD40-436D-95CA-9A4DA588017C} = {21D5AC03-189D-4529-81FF-31BF587022A4}
		{DF338C92-895F-4DCB-B30A-6E4D1FB2BE63} = {685D0090-DD40-436D-95CA-9A4DA588017C}
		{6831F11B-78D9-4F4C-8065-BBF43CC25ED9} = {685D0090-DD40-436D-95CA-9A4DA588017C}
		{CDE6B8AB-EB4F-434C-9431-2C055BCC015A} = {DF338C92-895F-4DCB-B30A-6E4D1FB2BE63}
		{E4993B1D-1138-4E52-AD30-0E5B6221BC62} = {DF338C92-895F-4DCB-B30A-6E4D1FB2BE63}
		{71975463-EBB0-42F4-A54D-0C3837BE5B5B} = {E4993B1D-1138-4E52-AD30-0E5B6221BC62}
		{8CCB7049-3A89-4040-A0CB-691DBBE48170} = {E4993B1D-1138-4E52-AD30-0E5B6221BC62}
		{D742D9D5-D88F-4F9A-9420-F4DF3E7080C0} = {71975463-EBB0-42F4-A54D-0C3837BE5B5B}
		{20628857-9D80-430C-BA39-DE48BE0F094A} = {8CCB7049-3A89-4040-A0CB-691DBBE48170}
		{51105920-4BC8-4DC2-A09A-39DD98CF7CEF} = {CDE6B8AB-EB4F-434C-9431-2C055BCC015A}
		{A5801E2C-AC41-4C68-ABD3-19745B9B5791} = {CDE6B8AB-EB4F-434C-9431-2C055BCC015A}
	EndGlobalSection
	GlobalSection(ExtensibilityGlobals) = postSolution
		SolutionGuid = {51F3C25B-512E-48D9-9B5E-489F2F7910A3}
	EndGlobalSection
EndGlobal
